
Microsoft Visual Studio Solution File, Format Version 12.00
# Visual Studio Version 17
VisualStudioVersion = 17.14.36414.22 d17.14
MinimumVisualStudioVersion = 10.0.40219.1
Project("{FAE04EC0-301F-11D3-BF4B-00C04F79EFBC}") = "MVCSession2G01", "MVCSession2G01\MVCSession2G01.csproj", "{9C734F46-EFB6-4179-942D-E167F84B7F17}"
EndProject
Global
	GlobalSection(SolutionConfigurationPlatforms) = preSolution
		Debug|Any CPU = Debug|Any CPU
		Release|Any CPU = Release|Any CPU
	EndGlobalSection
	GlobalSection(ProjectConfigurationPlatforms) = postSolution
		{9C734F46-EFB6-4179-942D-E167F84B7F17}.Debug|Any CPU.ActiveCfg = Debug|Any CPU
		{9C734F46-EFB6-4179-942D-E167F84B7F17}.Debug|Any CPU.Build.0 = Debug|Any CPU
		{9C734F46-EFB6-4179-942D-E167F84B7F17}.Release|Any CPU.ActiveCfg = Release|Any CPU
		{9C734F46-EFB6-4179-942D-E167F84B7F17}.Release|Any CPU.Build.0 = Release|Any CPU
	EndGlobalSection
	GlobalSection(SolutionProperties) = preSolution
		HideSolutionNode = FALSE
	EndGlobalSection
	GlobalSection(ExtensibilityGlobals) = postSolution
		SolutionGuid = {967BE4F7-1A2E-4106-8975-32C5975EFA5D}
	EndGlobalSection
EndGlobal
